# This file is automatically @generated by Cargo.
# It is not intended for manual editing.
[[package]]
name = "font8x8"
version = "0.2.5"
source = "registry+https://github.com/rust-lang/crates.io-index"

[[package]]
name = "nds-panic"
version = "0.1.0"
dependencies = [
 "font8x8 0.2.5 (registry+https://github.com/rust-lang/crates.io-index)",
 "nds-registers 0.1.0",
]

[[package]]
name = "nds-registers"
version = "0.1.0"

[[package]]
name = "nds-rt"
version = "0.1.0"
dependencies = [
 "nds-panic 0.1.0",
]

[metadata]
"checksum font8x8 0.2.5 (registry+https://github.com/rust-lang/crates.io-index)" = "44226c40489fb1d602344a1d8f1b544570c3435e396dda1eda7b5ef010d8f1be"
